
Microsoft Visual Studio Solution File, Format Version 12.00
# Visual Studio Version 17
VisualStudioVersion = 17.3.32922.545
MinimumVisualStudioVersion = 10.0.40219.1
Project("{FAE04EC0-301F-11D3-BF4B-00C04F79EFBC}") = "SandBoxGame", "SandBoxGame\SandBoxGame.csproj", "{CE9DBDEB-3A53-36E1-C347-30B82FFC2CE5}"
EndProject
Global
	GlobalSection(SolutionConfigurationPlatforms) = preSolution
		Debug|x64 = Debug|x64
		Distribution|x64 = Distribution|x64
		Release|x64 = Release|x64
	EndGlobalSection
	GlobalSection(ProjectConfigurationPlatforms) = postSolution
		{CE9DBDEB-3A53-36E1-C347-30B82FFC2CE5}.Debug|x64.ActiveCfg = Debug|x64
		{CE9DBDEB-3A53-36E1-C347-30B82FFC2CE5}.Debug|x64.Build.0 = Debug|x64
		{CE9DBDEB-3A53-36E1-C347-30B82FFC2CE5}.Distribution|x64.ActiveCfg = Distribution|x64
		{CE9DBDEB-3A53-36E1-C347-30B82FFC2CE5}.Distribution|x64.Build.0 = Distribution|x64
		{CE9DBDEB-3A53-36E1-C347-30B82FFC2CE5}.Release|x64.ActiveCfg = Release|x64
		{CE9DBDEB-3A53-36E1-C347-30B82FFC2CE5}.Release|x64.Build.0 = Release|x64
	EndGlobalSection
	GlobalSection(SolutionProperties) = preSolution
		HideSolutionNode = FALSE
	EndGlobalSection
	GlobalSection(ExtensibilityGlobals) = postSolution
		SolutionGuid = {A3945DA2-8C2D-4C55-8343-168BFA2C14B6}
	EndGlobalSection
EndGlobal
