
Microsoft Visual Studio Solution File, Format Version 12.00
# Visual Studio Version 16
Project("{8BC9CEB8-8B4A-11D0-8D11-00A0C91BC942}") = "SandBox", "SandBox\SandBox.vcxproj", "{D43924E3-4019-A37E-4931-2E55B58F09E0}"
EndProject
Project("{8BC9CEB8-8B4A-11D0-8D11-00A0C91BC942}") = "GLFW", "SnapCore\vendor\GLFW\GLFW.vcxproj", "{154B857C-0182-860D-AA6E-6C109684020F}"
EndProject
Project("{8BC9CEB8-8B4A-11D0-8D11-00A0C91BC942}") = "Glad", "SnapCore\vendor\GLAD\Glad.vcxproj", "{BDD6857C-A90D-870D-52FA-6C103E10030F}"
EndProject
Project("{8BC9CEB8-8B4A-11D0-8D11-00A0C91BC942}") = "ImGui", "SnapCore\vendor\imgui\ImGui.vcxproj", "{C0FF640D-2C14-8DBE-F595-301E616989EF}"
EndProject
Project("{8BC9CEB8-8B4A-11D0-8D11-00A0C91BC942}") = "SnapCore", "SnapCore\SnapCore.vcxproj", "{002CE712-ECF8-411E-1512-30C6013E77AC}"
EndProject
Project("{8BC9CEB8-8B4A-11D0-8D11-00A0C91BC942}") = "SnapEditor", "SnapEditor\SnapEditor.vcxproj", "{DECE406D-CA86-82BA-338E-5B161F651DAB}"
EndProject
Project("{8BC9CEB8-8B4A-11D0-8D11-00A0C91BC942}") = "yaml-cpp", "SnapCore\vendor\YAML\yaml-cpp.vcxproj", "{88F1A057-74BE-FB62-9DD7-E90A890331F1}"
EndProject
Global
	GlobalSection(SolutionConfigurationPlatforms) = preSolution
		Debug|x64 = Debug|x64
		Distribution|x64 = Distribution|x64
		Release|x64 = Release|x64
	EndGlobalSection
	GlobalSection(ProjectConfigurationPlatforms) = postSolution
		{D43924E3-4019-A37E-4931-2E55B58F09E0}.Debug|x64.ActiveCfg = Debug|x64
		{D43924E3-4019-A37E-4931-2E55B58F09E0}.Debug|x64.Build.0 = Debug|x64
		{D43924E3-4019-A37E-4931-2E55B58F09E0}.Distribution|x64.ActiveCfg = Distribution|x64
		{D43924E3-4019-A37E-4931-2E55B58F09E0}.Distribution|x64.Build.0 = Distribution|x64
		{D43924E3-4019-A37E-4931-2E55B58F09E0}.Release|x64.ActiveCfg = Release|x64
		{D43924E3-4019-A37E-4931-2E55B58F09E0}.Release|x64.Build.0 = Release|x64
		{154B857C-0182-860D-AA6E-6C109684020F}.Debug|x64.ActiveCfg = Debug|x64
		{154B857C-0182-860D-AA6E-6C109684020F}.Debug|x64.Build.0 = Debug|x64
		{154B857C-0182-860D-AA6E-6C109684020F}.Distribution|x64.ActiveCfg = Distribution|x64
		{154B857C-0182-860D-AA6E-6C109684020F}.Distribution|x64.Build.0 = Distribution|x64
		{154B857C-0182-860D-AA6E-6C109684020F}.Release|x64.ActiveCfg = Release|x64
		{154B857C-0182-860D-AA6E-6C109684020F}.Release|x64.Build.0 = Release|x64
		{BDD6857C-A90D-870D-52FA-6C103E10030F}.Debug|x64.ActiveCfg = Debug|x64
		{BDD6857C-A90D-870D-52FA-6C103E10030F}.Debug|x64.Build.0 = Debug|x64
		{BDD6857C-A90D-870D-52FA-6C103E10030F}.Distribution|x64.ActiveCfg = Distribution|x64
		{BDD6857C-A90D-870D-52FA-6C103E10030F}.Distribution|x64.Build.0 = Distribution|x64
		{BDD6857C-A90D-870D-52FA-6C103E10030F}.Release|x64.ActiveCfg = Release|x64
		{BDD6857C-A90D-870D-52FA-6C103E10030F}.Release|x64.Build.0 = Release|x64
		{C0FF640D-2C14-8DBE-F595-301E616989EF}.Debug|x64.ActiveCfg = Debug|x64
		{C0FF640D-2C14-8DBE-F595-301E616989EF}.Debug|x64.Build.0 = Debug|x64
		{C0FF640D-2C14-8DBE-F595-301E616989EF}.Distribution|x64.ActiveCfg = Distribution|x64
		{C0FF640D-2C14-8DBE-F595-301E616989EF}.Distribution|x64.Build.0 = Distribution|x64
		{C0FF640D-2C14-8DBE-F595-301E616989EF}.Release|x64.ActiveCfg = Release|x64
		{C0FF640D-2C14-8DBE-F595-301E616989EF}.Release|x64.Build.0 = Release|x64
		{002CE712-ECF8-411E-1512-30C6013E77AC}.Debug|x64.ActiveCfg = Debug|x64
		{002CE712-ECF8-411E-1512-30C6013E77AC}.Debug|x64.Build.0 = Debug|x64
		{002CE712-ECF8-411E-1512-30C6013E77AC}.Distribution|x64.ActiveCfg = Distribution|x64
		{002CE712-ECF8-411E-1512-30C6013E77AC}.Distribution|x64.Build.0 = Distribution|x64
		{002CE712-ECF8-411E-1512-30C6013E77AC}.Release|x64.ActiveCfg = Release|x64
		{002CE712-ECF8-411E-1512-30C6013E77AC}.Release|x64.Build.0 = Release|x64
		{DECE406D-CA86-82BA-338E-5B161F651DAB}.Debug|x64.ActiveCfg = Debug|x64
		{DECE406D-CA86-82BA-338E-5B161F651DAB}.Debug|x64.Build.0 = Debug|x64
		{DECE406D-CA86-82BA-338E-5B161F651DAB}.Distribution|x64.ActiveCfg = Distribution|x64
		{DECE406D-CA86-82BA-338E-5B161F651DAB}.Distribution|x64.Build.0 = Distribution|x64
		{DECE406D-CA86-82BA-338E-5B161F651DAB}.Release|x64.ActiveCfg = Release|x64
		{DECE406D-CA86-82BA-338E-5B161F651DAB}.Release|x64.Build.0 = Release|x64
		{88F1A057-74BE-FB62-9DD7-E90A890331F1}.Debug|x64.ActiveCfg = Debug|x64
		{88F1A057-74BE-FB62-9DD7-E90A890331F1}.Debug|x64.Build.0 = Debug|x64
		{88F1A057-74BE-FB62-9DD7-E90A890331F1}.Distribution|x64.ActiveCfg = Distribution|x64
		{88F1A057-74BE-FB62-9DD7-E90A890331F1}.Distribution|x64.Build.0 = Distribution|x64
		{88F1A057-74BE-FB62-9DD7-E90A890331F1}.Release|x64.ActiveCfg = Release|x64
		{88F1A057-74BE-FB62-9DD7-E90A890331F1}.Release|x64.Build.0 = Release|x64
	EndGlobalSection
	GlobalSection(SolutionProperties) = preSolution
		HideSolutionNode = FALSE
	EndGlobalSection
EndGlobal
