<?xml version="1.0" encoding="utf-8"?>
<Project ToolsVersion="4.0" xmlns="http://schemas.microsoft.com/developer/msbuild/2003">
  <ItemGroup>
    <Filter Include="src">
      <UniqueIdentifier>{2DAB880B-99B4-887C-2230-9F7C8E38947C}</UniqueIdentifier>
    </Filter>
    <Filter Include="src\Snap">
      <UniqueIdentifier>{4E9325CF-3A60-80DA-6379-6E824FA5B568}</UniqueIdentifier>
    </Filter>
    <Filter Include="src\Snap\Core">
      <UniqueIdentifier>{66F804AE-D2B8-80E4-9BF3-C9610773C5C0}</UniqueIdentifier>
    </Filter>
    <Filter Include="src\Snap\ECS">
      <UniqueIdentifier>{987E5543-84E1-E4E7-2D67-1D9E19A9B06A}</UniqueIdentifier>
    </Filter>
    <Filter Include="src\Snap\Events">
      <UniqueIdentifier>{72BB4648-DE46-B40C-E757-37015362100D}</UniqueIdentifier>
    </Filter>
    <Filter Include="src\Snap\ImGui">
      <UniqueIdentifier>{F8CA0E6F-E498-0275-CD2C-739BB999DED9}</UniqueIdentifier>
    </Filter>
    <Filter Include="src\Snap\Renderer">
      <UniqueIdentifier>{B46EDE6B-2085-DC01-69FC-6723D551AD89}</UniqueIdentifier>
    </Filter>
    <Filter Include="src\Snap\Scene">
      <UniqueIdentifier>{EBC2BE6F-D790-B275-C024-239CAC918EDA}</UniqueIdentifier>
    </Filter>
    <Filter Include="src\Snap\Scene\Comps">
      <UniqueIdentifier>{1CA39B84-0832-254E-B150-39499DBE35F4}</UniqueIdentifier>
    </Filter>
    <Filter Include="src\Snap\Scene\Scripts">
      <UniqueIdentifier>{22650DCE-0E5F-3620-F7CB-CC30E3649C8C}</UniqueIdentifier>
    </Filter>
    <Filter Include="src\Snap\Scripting">
      <UniqueIdentifier>{D00100C4-BCE5-C019-2546-BB6C1149AB9B}</UniqueIdentifier>
    </Filter>
    <Filter Include="src\platform">
      <UniqueIdentifier>{41663D6D-2DC9-CC11-D64E-05C8C2909894}</UniqueIdentifier>
    </Filter>
    <Filter Include="src\platform\OpenGL">
      <UniqueIdentifier>{555C82A0-C1BD-5FAE-4A2B-A660B68B966D}</UniqueIdentifier>
    </Filter>
    <Filter Include="src\platform\Utils">
      <UniqueIdentifier>{6154A15A-4D38-62B0-B698-5C03A29B4C32}</UniqueIdentifier>
    </Filter>
    <Filter Include="src\platform\windows">
      <UniqueIdentifier>{9B5931A8-87E8-BA71-3007-CF6C1C75CB17}</UniqueIdentifier>
    </Filter>
    <Filter Include="vendor">
      <UniqueIdentifier>{B3738122-9F15-ACF8-88D0-BF4C74113349}</UniqueIdentifier>
    </Filter>
    <Filter Include="vendor\GLM">
      <UniqueIdentifier>{2213C5A8-0ECB-06F6-77D2-DF5163A9A1E6}</UniqueIdentifier>
    </Filter>
    <Filter Include="vendor\GLM\glm">
      <UniqueIdentifier>{715E99DD-5D2C-8DE3-46C0-FD09322D6948}</UniqueIdentifier>
    </Filter>
    <Filter Include="vendor\GLM\glm\detail">
      <UniqueIdentifier>{138D4CFF-7FF9-07FA-48ED-9F57B4182A62}</UniqueIdentifier>
    </Filter>
    <Filter Include="vendor\GLM\glm\ext">
      <UniqueIdentifier>{51B230AF-3D96-F104-A6F6-EB5792F9DB86}</UniqueIdentifier>
    </Filter>
    <Filter Include="vendor\GLM\glm\gtc">
      <UniqueIdentifier>{3EBA30AF-2A9E-F104-93FE-EB577F01DC86}</UniqueIdentifier>
    </Filter>
    <Filter Include="vendor\GLM\glm\gtx">
      <UniqueIdentifier>{53BA30AF-3F9E-F104-A8FE-EB579401DC86}</UniqueIdentifier>
    </Filter>
    <Filter Include="vendor\imguizmo">
      <UniqueIdentifier>{B36F5F1F-1FFB-CCE3-280C-50D8941629E4}</UniqueIdentifier>
    </Filter>
  </ItemGroup>
  <ItemGroup>
    <ClInclude Include="src\Snap\Core\Application.h">
      <Filter>src\Snap\Core</Filter>
    </ClInclude>
    <ClInclude Include="src\Snap\Core\Core.h">
      <Filter>src\Snap\Core</Filter>
    </ClInclude>
    <ClInclude Include="src\Snap\Core\EntryPoint.h">
      <Filter>src\Snap\Core</Filter>
    </ClInclude>
    <ClInclude Include="src\Snap\Core\Input.h">
      <Filter>src\Snap\Core</Filter>
    </ClInclude>
    <ClInclude Include="src\Snap\Core\Layer.h">
      <Filter>src\Snap\Core</Filter>
    </ClInclude>
    <ClInclude Include="src\Snap\Core\LayerStack.h">
      <Filter>src\Snap\Core</Filter>
    </ClInclude>
    <ClInclude Include="src\Snap\Core\TimeStep.h">
      <Filter>src\Snap\Core</Filter>
    </ClInclude>
    <ClInclude Include="src\Snap\Core\Timer.h">
      <Filter>src\Snap\Core</Filter>
    </ClInclude>
    <ClInclude Include="src\Snap\Core\UUID.h">
      <Filter>src\Snap\Core</Filter>
    </ClInclude>
    <ClInclude Include="src\Snap\Core\Window.h">
      <Filter>src\Snap\Core</Filter>
    </ClInclude>
    <ClInclude Include="src\Snap\Core\asserts.h">
      <Filter>src\Snap\Core</Filter>
    </ClInclude>
    <ClInclude Include="src\Snap\Core\key.h">
      <Filter>src\Snap\Core</Filter>
    </ClInclude>
    <ClInclude Include="src\Snap\Core\log.h">
      <Filter>src\Snap\Core</Filter>
    </ClInclude>
    <ClInclude Include="src\Snap\ECS\Component.h">
      <Filter>src\Snap\ECS</Filter>
    </ClInclude>
    <ClInclude Include="src\Snap\ECS\Components.h">
      <Filter>src\Snap\ECS</Filter>
    </ClInclude>
    <ClInclude Include="src\Snap\ECS\ECS.h">
      <Filter>src\Snap\ECS</Filter>
    </ClInclude>
    <ClInclude Include="src\Snap\ECS\EntityManager.h">
      <Filter>src\Snap\ECS</Filter>
    </ClInclude>
    <ClInclude Include="src\Snap\Events\AppEvent.h">
      <Filter>src\Snap\Events</Filter>
    </ClInclude>
    <ClInclude Include="src\Snap\Events\Event.h">
      <Filter>src\Snap\Events</Filter>
    </ClInclude>
    <ClInclude Include="src\Snap\Events\KeyEvent.h">
      <Filter>src\Snap\Events</Filter>
    </ClInclude>
    <ClInclude Include="src\Snap\Events\MouseEvent.h">
      <Filter>src\Snap\Events</Filter>
    </ClInclude>
    <ClInclude Include="src\Snap\Events\WindowEvent.h">
      <Filter>src\Snap\Events</Filter>
    </ClInclude>
    <ClInclude Include="src\Snap\ImGui\ImGuiLayer.h">
      <Filter>src\Snap\ImGui</Filter>
    </ClInclude>
    <ClInclude Include="src\Snap\Renderer\Buffer.h">
      <Filter>src\Snap\Renderer</Filter>
    </ClInclude>
    <ClInclude Include="src\Snap\Renderer\FrameBuffer.h">
      <Filter>src\Snap\Renderer</Filter>
    </ClInclude>
    <ClInclude Include="src\Snap\Renderer\GraphicsContext.h">
      <Filter>src\Snap\Renderer</Filter>
    </ClInclude>
    <ClInclude Include="src\Snap\Renderer\OrthoGraphicCamera.h">
      <Filter>src\Snap\Renderer</Filter>
    </ClInclude>
    <ClInclude Include="src\Snap\Renderer\OrthoGraphicCameraController.h">
      <Filter>src\Snap\Renderer</Filter>
    </ClInclude>
    <ClInclude Include="src\Snap\Renderer\Renderer.h">
      <Filter>src\Snap\Renderer</Filter>
    </ClInclude>
    <ClInclude Include="src\Snap\Renderer\Renderer2D.h">
      <Filter>src\Snap\Renderer</Filter>
    </ClInclude>
    <ClInclude Include="src\Snap\Renderer\RendererAPI.h">
      <Filter>src\Snap\Renderer</Filter>
    </ClInclude>
    <ClInclude Include="src\Snap\Renderer\RendererCommand.h">
      <Filter>src\Snap\Renderer</Filter>
    </ClInclude>
    <ClInclude Include="src\Snap\Renderer\Shader.h">
      <Filter>src\Snap\Renderer</Filter>
    </ClInclude>
    <ClInclude Include="src\Snap\Renderer\SubTexture2D.h">
      <Filter>src\Snap\Renderer</Filter>
    </ClInclude>
    <ClInclude Include="src\Snap\Renderer\Texture.h">
      <Filter>src\Snap\Renderer</Filter>
    </ClInclude>
    <ClInclude Include="src\Snap\Renderer\VertexArray.h">
      <Filter>src\Snap\Renderer</Filter>
    </ClInclude>
    <ClInclude Include="src\Snap\Scene\Camera.h">
      <Filter>src\Snap\Scene</Filter>
    </ClInclude>
    <ClInclude Include="src\Snap\Scene\Comps\Components.h">
      <Filter>src\Snap\Scene\Comps</Filter>
    </ClInclude>
    <ClInclude Include="src\Snap\Scene\EditorCamera.h">
      <Filter>src\Snap\Scene</Filter>
    </ClInclude>
    <ClInclude Include="src\Snap\Scene\Entity.h">
      <Filter>src\Snap\Scene</Filter>
    </ClInclude>
    <ClInclude Include="src\Snap\Scene\Scene.h">
      <Filter>src\Snap\Scene</Filter>
    </ClInclude>
    <ClInclude Include="src\Snap\Scene\SceneCamera.h">
      <Filter>src\Snap\Scene</Filter>
    </ClInclude>
    <ClInclude Include="src\Snap\Scene\SceneSerializer.h">
      <Filter>src\Snap\Scene</Filter>
    </ClInclude>
    <ClInclude Include="src\Snap\Scene\Scripts\CameraControllerScript.h">
      <Filter>src\Snap\Scene\Scripts</Filter>
    </ClInclude>
    <ClInclude Include="src\Snap\Scene\Scripts\ChangeColor.h">
      <Filter>src\Snap\Scene\Scripts</Filter>
    </ClInclude>
    <ClInclude Include="src\Snap\Scene\Scripts\CppScript.h">
      <Filter>src\Snap\Scene\Scripts</Filter>
    </ClInclude>
    <ClInclude Include="src\Snap\Scripting\ScriptingEngine.h">
      <Filter>src\Snap\Scripting</Filter>
    </ClInclude>
    <ClInclude Include="src\SnapEngine.h">
      <Filter>src</Filter>
    </ClInclude>
    <ClInclude Include="src\SnapPCH.h">
      <Filter>src</Filter>
    </ClInclude>
    <ClInclude Include="src\platform\OpenGL\OpenGLBuffer.h">
      <Filter>src\platform\OpenGL</Filter>
    </ClInclude>
    <ClInclude Include="src\platform\OpenGL\OpenGLContext.h">
      <Filter>src\platform\OpenGL</Filter>
    </ClInclude>
    <ClInclude Include="src\platform\OpenGL\OpenGLFrameBuffer.h">
      <Filter>src\platform\OpenGL</Filter>
    </ClInclude>
    <ClInclude Include="src\platform\OpenGL\OpenGLRendererAPI.h">
      <Filter>src\platform\OpenGL</Filter>
    </ClInclude>
    <ClInclude Include="src\platform\OpenGL\OpenGLShader.h">
      <Filter>src\platform\OpenGL</Filter>
    </ClInclude>
    <ClInclude Include="src\platform\OpenGL\OpenGLTexture.h">
      <Filter>src\platform\OpenGL</Filter>
    </ClInclude>
    <ClInclude Include="src\platform\OpenGL\OpenGLVertexArray.h">
      <Filter>src\platform\OpenGL</Filter>
    </ClInclude>
    <ClInclude Include="src\platform\Utils\PlatformUtils.h">
      <Filter>src\platform\Utils</Filter>
    </ClInclude>
    <ClInclude Include="src\platform\windows\WindowsInput.h">
      <Filter>src\platform\windows</Filter>
    </ClInclude>
    <ClInclude Include="src\platform\windows\WindowsWindow.h">
      <Filter>src\platform\windows</Filter>
    </ClInclude>
    <ClInclude Include="vendor\GLM\glm\common.hpp">
      <Filter>vendor\GLM\glm</Filter>
    </ClInclude>
    <ClInclude Include="vendor\GLM\glm\detail\_features.hpp">
      <Filter>vendor\GLM\glm\detail</Filter>
    </ClInclude>
    <ClInclude Include="vendor\GLM\glm\detail\_fixes.hpp">
      <Filter>vendor\GLM\glm\detail</Filter>
    </ClInclude>
    <ClInclude Include="vendor\GLM\glm\detail\_noise.hpp">
      <Filter>vendor\GLM\glm\detail</Filter>
    </ClInclude>
    <ClInclude Include="vendor\GLM\glm\detail\_swizzle.hpp">
      <Filter>vendor\GLM\glm\detail</Filter>
    </ClInclude>
    <ClInclude Include="vendor\GLM\glm\detail\_swizzle_func.hpp">
      <Filter>vendor\GLM\glm\detail</Filter>
    </ClInclude>
    <ClInclude Include="vendor\GLM\glm\detail\_vectorize.hpp">
      <Filter>vendor\GLM\glm\detail</Filter>
    </ClInclude>
    <ClInclude Include="vendor\GLM\glm\detail\compute_common.hpp">
      <Filter>vendor\GLM\glm\detail</Filter>
    </ClInclude>
    <ClInclude Include="vendor\GLM\glm\detail\compute_vector_relational.hpp">
      <Filter>vendor\GLM\glm\detail</Filter>
    </ClInclude>
    <ClInclude Include="vendor\GLM\glm\detail\qualifier.hpp">
      <Filter>vendor\GLM\glm\detail</Filter>
    </ClInclude>
    <ClInclude Include="vendor\GLM\glm\detail\setup.hpp">
      <Filter>vendor\GLM\glm\detail</Filter>
    </ClInclude>
    <ClInclude Include="vendor\GLM\glm\detail\type_float.hpp">
      <Filter>vendor\GLM\glm\detail</Filter>
    </ClInclude>
    <ClInclude Include="vendor\GLM\glm\detail\type_half.hpp">
      <Filter>vendor\GLM\glm\detail</Filter>
    </ClInclude>
    <ClInclude Include="vendor\GLM\glm\detail\type_mat2x2.hpp">
      <Filter>vendor\GLM\glm\detail</Filter>
    </ClInclude>
    <ClInclude Include="vendor\GLM\glm\detail\type_mat2x3.hpp">
      <Filter>vendor\GLM\glm\detail</Filter>
    </ClInclude>
    <ClInclude Include="vendor\GLM\glm\detail\type_mat2x4.hpp">
      <Filter>vendor\GLM\glm\detail</Filter>
    </ClInclude>
    <ClInclude Include="vendor\GLM\glm\detail\type_mat3x2.hpp">
      <Filter>vendor\GLM\glm\detail</Filter>
    </ClInclude>
    <ClInclude Include="vendor\GLM\glm\detail\type_mat3x3.hpp">
      <Filter>vendor\GLM\glm\detail</Filter>
    </ClInclude>
    <ClInclude Include="vendor\GLM\glm\detail\type_mat3x4.hpp">
      <Filter>vendor\GLM\glm\detail</Filter>
    </ClInclude>
    <ClInclude Include="vendor\GLM\glm\detail\type_mat4x2.hpp">
      <Filter>vendor\GLM\glm\detail</Filter>
    </ClInclude>
    <ClInclude Include="vendor\GLM\glm\detail\type_mat4x3.hpp">
      <Filter>vendor\GLM\glm\detail</Filter>
    </ClInclude>
    <ClInclude Include="vendor\GLM\glm\detail\type_mat4x4.hpp">
      <Filter>vendor\GLM\glm\detail</Filter>
    </ClInclude>
    <ClInclude Include="vendor\GLM\glm\detail\type_quat.hpp">
      <Filter>vendor\GLM\glm\detail</Filter>
    </ClInclude>
    <ClInclude Include="vendor\GLM\glm\detail\type_vec1.hpp">
      <Filter>vendor\GLM\glm\detail</Filter>
    </ClInclude>
    <ClInclude Include="vendor\GLM\glm\detail\type_vec2.hpp">
      <Filter>vendor\GLM\glm\detail</Filter>
    </ClInclude>
    <ClInclude Include="vendor\GLM\glm\detail\type_vec3.hpp">
      <Filter>vendor\GLM\glm\detail</Filter>
    </ClInclude>
    <ClInclude Include="vendor\GLM\glm\detail\type_vec4.hpp">
      <Filter>vendor\GLM\glm\detail</Filter>
    </ClInclude>
    <ClInclude Include="vendor\GLM\glm\exponential.hpp">
      <Filter>vendor\GLM\glm</Filter>
    </ClInclude>
    <ClInclude Include="vendor\GLM\glm\ext.hpp">
      <Filter>vendor\GLM\glm</Filter>
    </ClInclude>
    <ClInclude Include="vendor\GLM\glm\ext\_matrix_vectorize.hpp">
      <Filter>vendor\GLM\glm\ext</Filter>
    </ClInclude>
    <ClInclude Include="vendor\GLM\glm\ext\matrix_clip_space.hpp">
      <Filter>vendor\GLM\glm\ext</Filter>
    </ClInclude>
    <ClInclude Include="vendor\GLM\glm\ext\matrix_common.hpp">
      <Filter>vendor\GLM\glm\ext</Filter>
    </ClInclude>
    <ClInclude Include="vendor\GLM\glm\ext\matrix_double2x2.hpp">
      <Filter>vendor\GLM\glm\ext</Filter>
    </ClInclude>
    <ClInclude Include="vendor\GLM\glm\ext\matrix_double2x2_precision.hpp">
      <Filter>vendor\GLM\glm\ext</Filter>
    </ClInclude>
    <ClInclude Include="vendor\GLM\glm\ext\matrix_double2x3.hpp">
      <Filter>vendor\GLM\glm\ext</Filter>
    </ClInclude>
    <ClInclude Include="vendor\GLM\glm\ext\matrix_double2x3_precision.hpp">
      <Filter>vendor\GLM\glm\ext</Filter>
    </ClInclude>
    <ClInclude Include="vendor\GLM\glm\ext\matrix_double2x4.hpp">
      <Filter>vendor\GLM\glm\ext</Filter>
    </ClInclude>
    <ClInclude Include="vendor\GLM\glm\ext\matrix_double2x4_precision.hpp">
      <Filter>vendor\GLM\glm\ext</Filter>
    </ClInclude>
    <ClInclude Include="vendor\GLM\glm\ext\matrix_double3x2.hpp">
      <Filter>vendor\GLM\glm\ext</Filter>
    </ClInclude>
    <ClInclude Include="vendor\GLM\glm\ext\matrix_double3x2_precision.hpp">
      <Filter>vendor\GLM\glm\ext</Filter>
    </ClInclude>
    <ClInclude Include="vendor\GLM\glm\ext\matrix_double3x3.hpp">
      <Filter>vendor\GLM\glm\ext</Filter>
    </ClInclude>
    <ClInclude Include="vendor\GLM\glm\ext\matrix_double3x3_precision.hpp">
      <Filter>vendor\GLM\glm\ext</Filter>
    </ClInclude>
    <ClInclude Include="vendor\GLM\glm\ext\matrix_double3x4.hpp">
      <Filter>vendor\GLM\glm\ext</Filter>
    </ClInclude>
    <ClInclude Include="vendor\GLM\glm\ext\matrix_double3x4_precision.hpp">
      <Filter>vendor\GLM\glm\ext</Filter>
    </ClInclude>
    <ClInclude Include="vendor\GLM\glm\ext\matrix_double4x2.hpp">
      <Filter>vendor\GLM\glm\ext</Filter>
    </ClInclude>
    <ClInclude Include="vendor\GLM\glm\ext\matrix_double4x2_precision.hpp">
      <Filter>vendor\GLM\glm\ext</Filter>
    </ClInclude>
    <ClInclude Include="vendor\GLM\glm\ext\matrix_double4x3.hpp">
      <Filter>vendor\GLM\glm\ext</Filter>
    </ClInclude>
    <ClInclude Include="vendor\GLM\glm\ext\matrix_double4x3_precision.hpp">
      <Filter>vendor\GLM\glm\ext</Filter>
    </ClInclude>
    <ClInclude Include="vendor\GLM\glm\ext\matrix_double4x4.hpp">
      <Filter>vendor\GLM\glm\ext</Filter>
    </ClInclude>
    <ClInclude Include="vendor\GLM\glm\ext\matrix_double4x4_precision.hpp">
      <Filter>vendor\GLM\glm\ext</Filter>
    </ClInclude>
    <ClInclude Include="vendor\GLM\glm\ext\matrix_float2x2.hpp">
      <Filter>vendor\GLM\glm\ext</Filter>
    </ClInclude>
    <ClInclude Include="vendor\GLM\glm\ext\matrix_float2x2_precision.hpp">
      <Filter>vendor\GLM\glm\ext</Filter>
    </ClInclude>
    <ClInclude Include="vendor\GLM\glm\ext\matrix_float2x3.hpp">
      <Filter>vendor\GLM\glm\ext</Filter>
    </ClInclude>
    <ClInclude Include="vendor\GLM\glm\ext\matrix_float2x3_precision.hpp">
      <Filter>vendor\GLM\glm\ext</Filter>
    </ClInclude>
    <ClInclude Include="vendor\GLM\glm\ext\matrix_float2x4.hpp">
      <Filter>vendor\GLM\glm\ext</Filter>
    </ClInclude>
    <ClInclude Include="vendor\GLM\glm\ext\matrix_float2x4_precision.hpp">
      <Filter>vendor\GLM\glm\ext</Filter>
    </ClInclude>
    <ClInclude Include="vendor\GLM\glm\ext\matrix_float3x2.hpp">
      <Filter>vendor\GLM\glm\ext</Filter>
    </ClInclude>
    <ClInclude Include="vendor\GLM\glm\ext\matrix_float3x2_precision.hpp">
      <Filter>vendor\GLM\glm\ext</Filter>
    </ClInclude>
    <ClInclude Include="vendor\GLM\glm\ext\matrix_float3x3.hpp">
      <Filter>vendor\GLM\glm\ext</Filter>
    </ClInclude>
    <ClInclude Include="vendor\GLM\glm\ext\matrix_float3x3_precision.hpp">
      <Filter>vendor\GLM\glm\ext</Filter>
    </ClInclude>
    <ClInclude Include="vendor\GLM\glm\ext\matrix_float3x4.hpp">
      <Filter>vendor\GLM\glm\ext</Filter>
    </ClInclude>
    <ClInclude Include="vendor\GLM\glm\ext\matrix_float3x4_precision.hpp">
      <Filter>vendor\GLM\glm\ext</Filter>
    </ClInclude>
    <ClInclude Include="vendor\GLM\glm\ext\matrix_float4x2.hpp">
      <Filter>vendor\GLM\glm\ext</Filter>
    </ClInclude>
    <ClInclude Include="vendor\GLM\glm\ext\matrix_float4x2_precision.hpp">
      <Filter>vendor\GLM\glm\ext</Filter>
    </ClInclude>
    <ClInclude Include="vendor\GLM\glm\ext\matrix_float4x3.hpp">
      <Filter>vendor\GLM\glm\ext</Filter>
    </ClInclude>
    <ClInclude Include="vendor\GLM\glm\ext\matrix_float4x3_precision.hpp">
      <Filter>vendor\GLM\glm\ext</Filter>
    </ClInclude>
    <ClInclude Include="vendor\GLM\glm\ext\matrix_float4x4.hpp">
      <Filter>vendor\GLM\glm\ext</Filter>
    </ClInclude>
    <ClInclude Include="vendor\GLM\glm\ext\matrix_float4x4_precision.hpp">
      <Filter>vendor\GLM\glm\ext</Filter>
    </ClInclude>
    <ClInclude Include="vendor\GLM\glm\ext\matrix_int2x2.hpp">
      <Filter>vendor\GLM\glm\ext</Filter>
    </ClInclude>
    <ClInclude Include="vendor\GLM\glm\ext\matrix_int2x2_sized.hpp">
      <Filter>vendor\GLM\glm\ext</Filter>
    </ClInclude>
    <ClInclude Include="vendor\GLM\glm\ext\matrix_int2x3.hpp">
      <Filter>vendor\GLM\glm\ext</Filter>
    </ClInclude>
    <ClInclude Include="vendor\GLM\glm\ext\matrix_int2x3_sized.hpp">
      <Filter>vendor\GLM\glm\ext</Filter>
    </ClInclude>
    <ClInclude Include="vendor\GLM\glm\ext\matrix_int2x4.hpp">
      <Filter>vendor\GLM\glm\ext</Filter>
    </ClInclude>
    <ClInclude Include="vendor\GLM\glm\ext\matrix_int2x4_sized.hpp">
      <Filter>vendor\GLM\glm\ext</Filter>
    </ClInclude>
    <ClInclude Include="vendor\GLM\glm\ext\matrix_int3x2.hpp">
      <Filter>vendor\GLM\glm\ext</Filter>
    </ClInclude>
    <ClInclude Include="vendor\GLM\glm\ext\matrix_int3x2_sized.hpp">
      <Filter>vendor\GLM\glm\ext</Filter>
    </ClInclude>
    <ClInclude Include="vendor\GLM\glm\ext\matrix_int3x3.hpp">
      <Filter>vendor\GLM\glm\ext</Filter>
    </ClInclude>
    <ClInclude Include="vendor\GLM\glm\ext\matrix_int3x3_sized.hpp">
      <Filter>vendor\GLM\glm\ext</Filter>
    </ClInclude>
    <ClInclude Include="vendor\GLM\glm\ext\matrix_int3x4.hpp">
      <Filter>vendor\GLM\glm\ext</Filter>
    </ClInclude>
    <ClInclude Include="vendor\GLM\glm\ext\matrix_int3x4_sized.hpp">
      <Filter>vendor\GLM\glm\ext</Filter>
    </ClInclude>
    <ClInclude Include="vendor\GLM\glm\ext\matrix_int4x2.hpp">
      <Filter>vendor\GLM\glm\ext</Filter>
    </ClInclude>
    <ClInclude Include="vendor\GLM\glm\ext\matrix_int4x2_sized.hpp">
      <Filter>vendor\GLM\glm\ext</Filter>
    </ClInclude>
    <ClInclude Include="vendor\GLM\glm\ext\matrix_int4x3.hpp">
      <Filter>vendor\GLM\glm\ext</Filter>
    </ClInclude>
    <ClInclude Include="vendor\GLM\glm\ext\matrix_int4x3_sized.hpp">
      <Filter>vendor\GLM\glm\ext</Filter>
    </ClInclude>
    <ClInclude Include="vendor\GLM\glm\ext\matrix_int4x4.hpp">
      <Filter>vendor\GLM\glm\ext</Filter>
    </ClInclude>
    <ClInclude Include="vendor\GLM\glm\ext\matrix_int4x4_sized.hpp">
      <Filter>vendor\GLM\glm\ext</Filter>
    </ClInclude>
    <ClInclude Include="vendor\GLM\glm\ext\matrix_integer.hpp">
      <Filter>vendor\GLM\glm\ext</Filter>
    </ClInclude>
    <ClInclude Include="vendor\GLM\glm\ext\matrix_projection.hpp">
      <Filter>vendor\GLM\glm\ext</Filter>
    </ClInclude>
    <ClInclude Include="vendor\GLM\glm\ext\matrix_relational.hpp">
      <Filter>vendor\GLM\glm\ext</Filter>
    </ClInclude>
    <ClInclude Include="vendor\GLM\glm\ext\matrix_transform.hpp">
      <Filter>vendor\GLM\glm\ext</Filter>
    </ClInclude>
    <ClInclude Include="vendor\GLM\glm\ext\matrix_uint2x2.hpp">
      <Filter>vendor\GLM\glm\ext</Filter>
    </ClInclude>
    <ClInclude Include="vendor\GLM\glm\ext\matrix_uint2x2_sized.hpp">
      <Filter>vendor\GLM\glm\ext</Filter>
    </ClInclude>
    <ClInclude Include="vendor\GLM\glm\ext\matrix_uint2x3.hpp">
      <Filter>vendor\GLM\glm\ext</Filter>
    </ClInclude>
    <ClInclude Include="vendor\GLM\glm\ext\matrix_uint2x3_sized.hpp">
      <Filter>vendor\GLM\glm\ext</Filter>
    </ClInclude>
    <ClInclude Include="vendor\GLM\glm\ext\matrix_uint2x4.hpp">
      <Filter>vendor\GLM\glm\ext</Filter>
    </ClInclude>
    <ClInclude Include="vendor\GLM\glm\ext\matrix_uint2x4_sized.hpp">
      <Filter>vendor\GLM\glm\ext</Filter>
    </ClInclude>
    <ClInclude Include="vendor\GLM\glm\ext\matrix_uint3x2.hpp">
      <Filter>vendor\GLM\glm\ext</Filter>
    </ClInclude>
    <ClInclude Include="vendor\GLM\glm\ext\matrix_uint3x2_sized.hpp">
      <Filter>vendor\GLM\glm\ext</Filter>
    </ClInclude>
    <ClInclude Include="vendor\GLM\glm\ext\matrix_uint3x3.hpp">
      <Filter>vendor\GLM\glm\ext</Filter>
    </ClInclude>
    <ClInclude Include="vendor\GLM\glm\ext\matrix_uint3x3_sized.hpp">
      <Filter>vendor\GLM\glm\ext</Filter>
    </ClInclude>
    <ClInclude Include="vendor\GLM\glm\ext\matrix_uint3x4.hpp">
      <Filter>vendor\GLM\glm\ext</Filter>
    </ClInclude>
    <ClInclude Include="vendor\GLM\glm\ext\matrix_uint3x4_sized.hpp">
      <Filter>vendor\GLM\glm\ext</Filter>
    </ClInclude>
    <ClInclude Include="vendor\GLM\glm\ext\matrix_uint4x2.hpp">
      <Filter>vendor\GLM\glm\ext</Filter>
    </ClInclude>
    <ClInclude Include="vendor\GLM\glm\ext\matrix_uint4x2_sized.hpp">
      <Filter>vendor\GLM\glm\ext</Filter>
    </ClInclude>
    <ClInclude Include="vendor\GLM\glm\ext\matrix_uint4x3.hpp">
      <Filter>vendor\GLM\glm\ext</Filter>
    </ClInclude>
    <ClInclude Include="vendor\GLM\glm\ext\matrix_uint4x3_sized.hpp">
      <Filter>vendor\GLM\glm\ext</Filter>
    </ClInclude>
    <ClInclude Include="vendor\GLM\glm\ext\matrix_uint4x4.hpp">
      <Filter>vendor\GLM\glm\ext</Filter>
    </ClInclude>
    <ClInclude Include="vendor\GLM\glm\ext\matrix_uint4x4_sized.hpp">
      <Filter>vendor\GLM\glm\ext</Filter>
    </ClInclude>
    <ClInclude Include="vendor\GLM\glm\ext\quaternion_common.hpp">
      <Filter>vendor\GLM\glm\ext</Filter>
    </ClInclude>
    <ClInclude Include="vendor\GLM\glm\ext\quaternion_double.hpp">
      <Filter>vendor\GLM\glm\ext</Filter>
    </ClInclude>
    <ClInclude Include="vendor\GLM\glm\ext\quaternion_double_precision.hpp">
      <Filter>vendor\GLM\glm\ext</Filter>
    </ClInclude>
    <ClInclude Include="vendor\GLM\glm\ext\quaternion_exponential.hpp">
      <Filter>vendor\GLM\glm\ext</Filter>
    </ClInclude>
    <ClInclude Include="vendor\GLM\glm\ext\quaternion_float.hpp">
      <Filter>vendor\GLM\glm\ext</Filter>
    </ClInclude>
    <ClInclude Include="vendor\GLM\glm\ext\quaternion_float_precision.hpp">
      <Filter>vendor\GLM\glm\ext</Filter>
    </ClInclude>
    <ClInclude Include="vendor\GLM\glm\ext\quaternion_geometric.hpp">
      <Filter>vendor\GLM\glm\ext</Filter>
    </ClInclude>
    <ClInclude Include="vendor\GLM\glm\ext\quaternion_relational.hpp">
      <Filter>vendor\GLM\glm\ext</Filter>
    </ClInclude>
    <ClInclude Include="vendor\GLM\glm\ext\quaternion_transform.hpp">
      <Filter>vendor\GLM\glm\ext</Filter>
    </ClInclude>
    <ClInclude Include="vendor\GLM\glm\ext\quaternion_trigonometric.hpp">
      <Filter>vendor\GLM\glm\ext</Filter>
    </ClInclude>
    <ClInclude Include="vendor\GLM\glm\ext\scalar_common.hpp">
      <Filter>vendor\GLM\glm\ext</Filter>
    </ClInclude>
    <ClInclude Include="vendor\GLM\glm\ext\scalar_constants.hpp">
      <Filter>vendor\GLM\glm\ext</Filter>
    </ClInclude>
    <ClInclude Include="vendor\GLM\glm\ext\scalar_int_sized.hpp">
      <Filter>vendor\GLM\glm\ext</Filter>
    </ClInclude>
    <ClInclude Include="vendor\GLM\glm\ext\scalar_integer.hpp">
      <Filter>vendor\GLM\glm\ext</Filter>
    </ClInclude>
    <ClInclude Include="vendor\GLM\glm\ext\scalar_packing.hpp">
      <Filter>vendor\GLM\glm\ext</Filter>
    </ClInclude>
    <ClInclude Include="vendor\GLM\glm\ext\scalar_reciprocal.hpp">
      <Filter>vendor\GLM\glm\ext</Filter>
    </ClInclude>
    <ClInclude Include="vendor\GLM\glm\ext\scalar_relational.hpp">
      <Filter>vendor\GLM\glm\ext</Filter>
    </ClInclude>
    <ClInclude Include="vendor\GLM\glm\ext\scalar_uint_sized.hpp">
      <Filter>vendor\GLM\glm\ext</Filter>
    </ClInclude>
    <ClInclude Include="vendor\GLM\glm\ext\scalar_ulp.hpp">
      <Filter>vendor\GLM\glm\ext</Filter>
    </ClInclude>
    <ClInclude Include="vendor\GLM\glm\ext\vector_bool1.hpp">
      <Filter>vendor\GLM\glm\ext</Filter>
    </ClInclude>
    <ClInclude Include="vendor\GLM\glm\ext\vector_bool1_precision.hpp">
      <Filter>vendor\GLM\glm\ext</Filter>
    </ClInclude>
    <ClInclude Include="vendor\GLM\glm\ext\vector_bool2.hpp">
      <Filter>vendor\GLM\glm\ext</Filter>
    </ClInclude>
    <ClInclude Include="vendor\GLM\glm\ext\vector_bool2_precision.hpp">
      <Filter>vendor\GLM\glm\ext</Filter>
    </ClInclude>
    <ClInclude Include="vendor\GLM\glm\ext\vector_bool3.hpp">
      <Filter>vendor\GLM\glm\ext</Filter>
    </ClInclude>
    <ClInclude Include="vendor\GLM\glm\ext\vector_bool3_precision.hpp">
      <Filter>vendor\GLM\glm\ext</Filter>
    </ClInclude>
    <ClInclude Include="vendor\GLM\glm\ext\vector_bool4.hpp">
      <Filter>vendor\GLM\glm\ext</Filter>
    </ClInclude>
    <ClInclude Include="vendor\GLM\glm\ext\vector_bool4_precision.hpp">
      <Filter>vendor\GLM\glm\ext</Filter>
    </ClInclude>
    <ClInclude Include="vendor\GLM\glm\ext\vector_common.hpp">
      <Filter>vendor\GLM\glm\ext</Filter>
    </ClInclude>
    <ClInclude Include="vendor\GLM\glm\ext\vector_double1.hpp">
      <Filter>vendor\GLM\glm\ext</Filter>
    </ClInclude>
    <ClInclude Include="vendor\GLM\glm\ext\vector_double1_precision.hpp">
      <Filter>vendor\GLM\glm\ext</Filter>
    </ClInclude>
    <ClInclude Include="vendor\GLM\glm\ext\vector_double2.hpp">
      <Filter>vendor\GLM\glm\ext</Filter>
    </ClInclude>
    <ClInclude Include="vendor\GLM\glm\ext\vector_double2_precision.hpp">
      <Filter>vendor\GLM\glm\ext</Filter>
    </ClInclude>
    <ClInclude Include="vendor\GLM\glm\ext\vector_double3.hpp">
      <Filter>vendor\GLM\glm\ext</Filter>
    </ClInclude>
    <ClInclude Include="vendor\GLM\glm\ext\vector_double3_precision.hpp">
      <Filter>vendor\GLM\glm\ext</Filter>
    </ClInclude>
    <ClInclude Include="vendor\GLM\glm\ext\vector_double4.hpp">
      <Filter>vendor\GLM\glm\ext</Filter>
    </ClInclude>
    <ClInclude Include="vendor\GLM\glm\ext\vector_double4_precision.hpp">
      <Filter>vendor\GLM\glm\ext</Filter>
    </ClInclude>
    <ClInclude Include="vendor\GLM\glm\ext\vector_float1.hpp">
      <Filter>vendor\GLM\glm\ext</Filter>
    </ClInclude>
    <ClInclude Include="vendor\GLM\glm\ext\vector_float1_precision.hpp">
      <Filter>vendor\GLM\glm\ext</Filter>
    </ClInclude>
    <ClInclude Include="vendor\GLM\glm\ext\vector_float2.hpp">
      <Filter>vendor\GLM\glm\ext</Filter>
    </ClInclude>
    <ClInclude Include="vendor\GLM\glm\ext\vector_float2_precision.hpp">
      <Filter>vendor\GLM\glm\ext</Filter>
    </ClInclude>
    <ClInclude Include="vendor\GLM\glm\ext\vector_float3.hpp">
      <Filter>vendor\GLM\glm\ext</Filter>
    </ClInclude>
    <ClInclude Include="vendor\GLM\glm\ext\vector_float3_precision.hpp">
      <Filter>vendor\GLM\glm\ext</Filter>
    </ClInclude>
    <ClInclude Include="vendor\GLM\glm\ext\vector_float4.hpp">
      <Filter>vendor\GLM\glm\ext</Filter>
    </ClInclude>
    <ClInclude Include="vendor\GLM\glm\ext\vector_float4_precision.hpp">
      <Filter>vendor\GLM\glm\ext</Filter>
    </ClInclude>
    <ClInclude Include="vendor\GLM\glm\ext\vector_int1.hpp">
      <Filter>vendor\GLM\glm\ext</Filter>
    </ClInclude>
    <ClInclude Include="vendor\GLM\glm\ext\vector_int1_sized.hpp">
      <Filter>vendor\GLM\glm\ext</Filter>
    </ClInclude>
    <ClInclude Include="vendor\GLM\glm\ext\vector_int2.hpp">
      <Filter>vendor\GLM\glm\ext</Filter>
    </ClInclude>
    <ClInclude Include="vendor\GLM\glm\ext\vector_int2_sized.hpp">
      <Filter>vendor\GLM\glm\ext</Filter>
    </ClInclude>
    <ClInclude Include="vendor\GLM\glm\ext\vector_int3.hpp">
      <Filter>vendor\GLM\glm\ext</Filter>
    </ClInclude>
    <ClInclude Include="vendor\GLM\glm\ext\vector_int3_sized.hpp">
      <Filter>vendor\GLM\glm\ext</Filter>
    </ClInclude>
    <ClInclude Include="vendor\GLM\glm\ext\vector_int4.hpp">
      <Filter>vendor\GLM\glm\ext</Filter>
    </ClInclude>
    <ClInclude Include="vendor\GLM\glm\ext\vector_int4_sized.hpp">
      <Filter>vendor\GLM\glm\ext</Filter>
    </ClInclude>
    <ClInclude Include="vendor\GLM\glm\ext\vector_integer.hpp">
      <Filter>vendor\GLM\glm\ext</Filter>
    </ClInclude>
    <ClInclude Include="vendor\GLM\glm\ext\vector_packing.hpp">
      <Filter>vendor\GLM\glm\ext</Filter>
    </ClInclude>
    <ClInclude Include="vendor\GLM\glm\ext\vector_reciprocal.hpp">
      <Filter>vendor\GLM\glm\ext</Filter>
    </ClInclude>
    <ClInclude Include="vendor\GLM\glm\ext\vector_relational.hpp">
      <Filter>vendor\GLM\glm\ext</Filter>
    </ClInclude>
    <ClInclude Include="vendor\GLM\glm\ext\vector_uint1.hpp">
      <Filter>vendor\GLM\glm\ext</Filter>
    </ClInclude>
    <ClInclude Include="vendor\GLM\glm\ext\vector_uint1_sized.hpp">
      <Filter>vendor\GLM\glm\ext</Filter>
    </ClInclude>
    <ClInclude Include="vendor\GLM\glm\ext\vector_uint2.hpp">
      <Filter>vendor\GLM\glm\ext</Filter>
    </ClInclude>
    <ClInclude Include="vendor\GLM\glm\ext\vector_uint2_sized.hpp">
      <Filter>vendor\GLM\glm\ext</Filter>
    </ClInclude>
    <ClInclude Include="vendor\GLM\glm\ext\vector_uint3.hpp">
      <Filter>vendor\GLM\glm\ext</Filter>
    </ClInclude>
    <ClInclude Include="vendor\GLM\glm\ext\vector_uint3_sized.hpp">
      <Filter>vendor\GLM\glm\ext</Filter>
    </ClInclude>
    <ClInclude Include="vendor\GLM\glm\ext\vector_uint4.hpp">
      <Filter>vendor\GLM\glm\ext</Filter>
    </ClInclude>
    <ClInclude Include="vendor\GLM\glm\ext\vector_uint4_sized.hpp">
      <Filter>vendor\GLM\glm\ext</Filter>
    </ClInclude>
    <ClInclude Include="vendor\GLM\glm\ext\vector_ulp.hpp">
      <Filter>vendor\GLM\glm\ext</Filter>
    </ClInclude>
    <ClInclude Include="vendor\GLM\glm\fwd.hpp">
      <Filter>vendor\GLM\glm</Filter>
    </ClInclude>
    <ClInclude Include="vendor\GLM\glm\geometric.hpp">
      <Filter>vendor\GLM\glm</Filter>
    </ClInclude>
    <ClInclude Include="vendor\GLM\glm\glm.hpp">
      <Filter>vendor\GLM\glm</Filter>
    </ClInclude>
    <ClInclude Include="vendor\GLM\glm\gtc\bitfield.hpp">
      <Filter>vendor\GLM\glm\gtc</Filter>
    </ClInclude>
    <ClInclude Include="vendor\GLM\glm\gtc\color_space.hpp">
      <Filter>vendor\GLM\glm\gtc</Filter>
    </ClInclude>
    <ClInclude Include="vendor\GLM\glm\gtc\constants.hpp">
      <Filter>vendor\GLM\glm\gtc</Filter>
    </ClInclude>
    <ClInclude Include="vendor\GLM\glm\gtc\epsilon.hpp">
      <Filter>vendor\GLM\glm\gtc</Filter>
    </ClInclude>
    <ClInclude Include="vendor\GLM\glm\gtc\integer.hpp">
      <Filter>vendor\GLM\glm\gtc</Filter>
    </ClInclude>
    <ClInclude Include="vendor\GLM\glm\gtc\matrix_access.hpp">
      <Filter>vendor\GLM\glm\gtc</Filter>
    </ClInclude>
    <ClInclude Include="vendor\GLM\glm\gtc\matrix_integer.hpp">
      <Filter>vendor\GLM\glm\gtc</Filter>
    </ClInclude>
    <ClInclude Include="vendor\GLM\glm\gtc\matrix_inverse.hpp">
      <Filter>vendor\GLM\glm\gtc</Filter>
    </ClInclude>
    <ClInclude Include="vendor\GLM\glm\gtc\matrix_transform.hpp">
      <Filter>vendor\GLM\glm\gtc</Filter>
    </ClInclude>
    <ClInclude Include="vendor\GLM\glm\gtc\noise.hpp">
      <Filter>vendor\GLM\glm\gtc</Filter>
    </ClInclude>
    <ClInclude Include="vendor\GLM\glm\gtc\packing.hpp">
      <Filter>vendor\GLM\glm\gtc</Filter>
    </ClInclude>
    <ClInclude Include="vendor\GLM\glm\gtc\quaternion.hpp">
      <Filter>vendor\GLM\glm\gtc</Filter>
    </ClInclude>
    <ClInclude Include="vendor\GLM\glm\gtc\random.hpp">
      <Filter>vendor\GLM\glm\gtc</Filter>
    </ClInclude>
    <ClInclude Include="vendor\GLM\glm\gtc\reciprocal.hpp">
      <Filter>vendor\GLM\glm\gtc</Filter>
    </ClInclude>
    <ClInclude Include="vendor\GLM\glm\gtc\round.hpp">
      <Filter>vendor\GLM\glm\gtc</Filter>
    </ClInclude>
    <ClInclude Include="vendor\GLM\glm\gtc\type_aligned.hpp">
      <Filter>vendor\GLM\glm\gtc</Filter>
    </ClInclude>
    <ClInclude Include="vendor\GLM\glm\gtc\type_precision.hpp">
      <Filter>vendor\GLM\glm\gtc</Filter>
    </ClInclude>
    <ClInclude Include="vendor\GLM\glm\gtc\type_ptr.hpp">
      <Filter>vendor\GLM\glm\gtc</Filter>
    </ClInclude>
    <ClInclude Include="vendor\GLM\glm\gtc\ulp.hpp">
      <Filter>vendor\GLM\glm\gtc</Filter>
    </ClInclude>
    <ClInclude Include="vendor\GLM\glm\gtc\vec1.hpp">
      <Filter>vendor\GLM\glm\gtc</Filter>
    </ClInclude>
    <ClInclude Include="vendor\GLM\glm\gtx\associated_min_max.hpp">
      <Filter>vendor\GLM\glm\gtx</Filter>
    </ClInclude>
    <ClInclude Include="vendor\GLM\glm\gtx\bit.hpp">
      <Filter>vendor\GLM\glm\gtx</Filter>
    </ClInclude>
    <ClInclude Include="vendor\GLM\glm\gtx\closest_point.hpp">
      <Filter>vendor\GLM\glm\gtx</Filter>
    </ClInclude>
    <ClInclude Include="vendor\GLM\glm\gtx\color_encoding.hpp">
      <Filter>vendor\GLM\glm\gtx</Filter>
    </ClInclude>
    <ClInclude Include="vendor\GLM\glm\gtx\color_space.hpp">
      <Filter>vendor\GLM\glm\gtx</Filter>
    </ClInclude>
    <ClInclude Include="vendor\GLM\glm\gtx\color_space_YCoCg.hpp">
      <Filter>vendor\GLM\glm\gtx</Filter>
    </ClInclude>
    <ClInclude Include="vendor\GLM\glm\gtx\common.hpp">
      <Filter>vendor\GLM\glm\gtx</Filter>
    </ClInclude>
    <ClInclude Include="vendor\GLM\glm\gtx\compatibility.hpp">
      <Filter>vendor\GLM\glm\gtx</Filter>
    </ClInclude>
    <ClInclude Include="vendor\GLM\glm\gtx\component_wise.hpp">
      <Filter>vendor\GLM\glm\gtx</Filter>
    </ClInclude>
    <ClInclude Include="vendor\GLM\glm\gtx\dual_quaternion.hpp">
      <Filter>vendor\GLM\glm\gtx</Filter>
    </ClInclude>
    <ClInclude Include="vendor\GLM\glm\gtx\easing.hpp">
      <Filter>vendor\GLM\glm\gtx</Filter>
    </ClInclude>
    <ClInclude Include="vendor\GLM\glm\gtx\euler_angles.hpp">
      <Filter>vendor\GLM\glm\gtx</Filter>
    </ClInclude>
    <ClInclude Include="vendor\GLM\glm\gtx\extend.hpp">
      <Filter>vendor\GLM\glm\gtx</Filter>
    </ClInclude>
    <ClInclude Include="vendor\GLM\glm\gtx\extended_min_max.hpp">
      <Filter>vendor\GLM\glm\gtx</Filter>
    </ClInclude>
    <ClInclude Include="vendor\GLM\glm\gtx\exterior_product.hpp">
      <Filter>vendor\GLM\glm\gtx</Filter>
    </ClInclude>
    <ClInclude Include="vendor\GLM\glm\gtx\fast_exponential.hpp">
      <Filter>vendor\GLM\glm\gtx</Filter>
    </ClInclude>
    <ClInclude Include="vendor\GLM\glm\gtx\fast_square_root.hpp">
      <Filter>vendor\GLM\glm\gtx</Filter>
    </ClInclude>
    <ClInclude Include="vendor\GLM\glm\gtx\fast_trigonometry.hpp">
      <Filter>vendor\GLM\glm\gtx</Filter>
    </ClInclude>
    <ClInclude Include="vendor\GLM\glm\gtx\functions.hpp">
      <Filter>vendor\GLM\glm\gtx</Filter>
    </ClInclude>
    <ClInclude Include="vendor\GLM\glm\gtx\gradient_paint.hpp">
      <Filter>vendor\GLM\glm\gtx</Filter>
    </ClInclude>
    <ClInclude Include="vendor\GLM\glm\gtx\handed_coordinate_space.hpp">
      <Filter>vendor\GLM\glm\gtx</Filter>
    </ClInclude>
    <ClInclude Include="vendor\GLM\glm\gtx\hash.hpp">
      <Filter>vendor\GLM\glm\gtx</Filter>
    </ClInclude>
    <ClInclude Include="vendor\GLM\glm\gtx\integer.hpp">
      <Filter>vendor\GLM\glm\gtx</Filter>
    </ClInclude>
    <ClInclude Include="vendor\GLM\glm\gtx\intersect.hpp">
      <Filter>vendor\GLM\glm\gtx</Filter>
    </ClInclude>
    <ClInclude Include="vendor\GLM\glm\gtx\io.hpp">
      <Filter>vendor\GLM\glm\gtx</Filter>
    </ClInclude>
    <ClInclude Include="vendor\GLM\glm\gtx\log_base.hpp">
      <Filter>vendor\GLM\glm\gtx</Filter>
    </ClInclude>
    <ClInclude Include="vendor\GLM\glm\gtx\matrix_cross_product.hpp">
      <Filter>vendor\GLM\glm\gtx</Filter>
    </ClInclude>
    <ClInclude Include="vendor\GLM\glm\gtx\matrix_decompose.hpp">
      <Filter>vendor\GLM\glm\gtx</Filter>
    </ClInclude>
    <ClInclude Include="vendor\GLM\glm\gtx\matrix_factorisation.hpp">
      <Filter>vendor\GLM\glm\gtx</Filter>
    </ClInclude>
    <ClInclude Include="vendor\GLM\glm\gtx\matrix_interpolation.hpp">
      <Filter>vendor\GLM\glm\gtx</Filter>
    </ClInclude>
    <ClInclude Include="vendor\GLM\glm\gtx\matrix_major_storage.hpp">
      <Filter>vendor\GLM\glm\gtx</Filter>
    </ClInclude>
    <ClInclude Include="vendor\GLM\glm\gtx\matrix_operation.hpp">
      <Filter>vendor\GLM\glm\gtx</Filter>
    </ClInclude>
    <ClInclude Include="vendor\GLM\glm\gtx\matrix_query.hpp">
      <Filter>vendor\GLM\glm\gtx</Filter>
    </ClInclude>
    <ClInclude Include="vendor\GLM\glm\gtx\matrix_transform_2d.hpp">
      <Filter>vendor\GLM\glm\gtx</Filter>
    </ClInclude>
    <ClInclude Include="vendor\GLM\glm\gtx\mixed_product.hpp">
      <Filter>vendor\GLM\glm\gtx</Filter>
    </ClInclude>
    <ClInclude Include="vendor\GLM\glm\gtx\norm.hpp">
      <Filter>vendor\GLM\glm\gtx</Filter>
    </ClInclude>
    <ClInclude Include="vendor\GLM\glm\gtx\normal.hpp">
      <Filter>vendor\GLM\glm\gtx</Filter>
    </ClInclude>
    <ClInclude Include="vendor\GLM\glm\gtx\normalize_dot.hpp">
      <Filter>vendor\GLM\glm\gtx</Filter>
    </ClInclude>
    <ClInclude Include="vendor\GLM\glm\gtx\number_precision.hpp">
      <Filter>vendor\GLM\glm\gtx</Filter>
    </ClInclude>
    <ClInclude Include="vendor\GLM\glm\gtx\optimum_pow.hpp">
      <Filter>vendor\GLM\glm\gtx</Filter>
    </ClInclude>
    <ClInclude Include="vendor\GLM\glm\gtx\orthonormalize.hpp">
      <Filter>vendor\GLM\glm\gtx</Filter>
    </ClInclude>
    <ClInclude Include="vendor\GLM\glm\gtx\pca.hpp">
      <Filter>vendor\GLM\glm\gtx</Filter>
    </ClInclude>
    <ClInclude Include="vendor\GLM\glm\gtx\perpendicular.hpp">
      <Filter>vendor\GLM\glm\gtx</Filter>
    </ClInclude>
    <ClInclude Include="vendor\GLM\glm\gtx\polar_coordinates.hpp">
      <Filter>vendor\GLM\glm\gtx</Filter>
    </ClInclude>
    <ClInclude Include="vendor\GLM\glm\gtx\projection.hpp">
      <Filter>vendor\GLM\glm\gtx</Filter>
    </ClInclude>
    <ClInclude Include="vendor\GLM\glm\gtx\quaternion.hpp">
      <Filter>vendor\GLM\glm\gtx</Filter>
    </ClInclude>
    <ClInclude Include="vendor\GLM\glm\gtx\range.hpp">
      <Filter>vendor\GLM\glm\gtx</Filter>
    </ClInclude>
    <ClInclude Include="vendor\GLM\glm\gtx\raw_data.hpp">
      <Filter>vendor\GLM\glm\gtx</Filter>
    </ClInclude>
    <ClInclude Include="vendor\GLM\glm\gtx\rotate_normalized_axis.hpp">
      <Filter>vendor\GLM\glm\gtx</Filter>
    </ClInclude>
    <ClInclude Include="vendor\GLM\glm\gtx\rotate_vector.hpp">
      <Filter>vendor\GLM\glm\gtx</Filter>
    </ClInclude>
    <ClInclude Include="vendor\GLM\glm\gtx\scalar_multiplication.hpp">
      <Filter>vendor\GLM\glm\gtx</Filter>
    </ClInclude>
    <ClInclude Include="vendor\GLM\glm\gtx\scalar_relational.hpp">
      <Filter>vendor\GLM\glm\gtx</Filter>
    </ClInclude>
    <ClInclude Include="vendor\GLM\glm\gtx\spline.hpp">
      <Filter>vendor\GLM\glm\gtx</Filter>
    </ClInclude>
    <ClInclude Include="vendor\GLM\glm\gtx\std_based_type.hpp">
      <Filter>vendor\GLM\glm\gtx</Filter>
    </ClInclude>
    <ClInclude Include="vendor\GLM\glm\gtx\string_cast.hpp">
      <Filter>vendor\GLM\glm\gtx</Filter>
    </ClInclude>
    <ClInclude Include="vendor\GLM\glm\gtx\texture.hpp">
      <Filter>vendor\GLM\glm\gtx</Filter>
    </ClInclude>
    <ClInclude Include="vendor\GLM\glm\gtx\transform.hpp">
      <Filter>vendor\GLM\glm\gtx</Filter>
    </ClInclude>
    <ClInclude Include="vendor\GLM\glm\gtx\transform2.hpp">
      <Filter>vendor\GLM\glm\gtx</Filter>
    </ClInclude>
    <ClInclude Include="vendor\GLM\glm\gtx\type_aligned.hpp">
      <Filter>vendor\GLM\glm\gtx</Filter>
    </ClInclude>
    <ClInclude Include="vendor\GLM\glm\gtx\type_trait.hpp">
      <Filter>vendor\GLM\glm\gtx</Filter>
    </ClInclude>
    <ClInclude Include="vendor\GLM\glm\gtx\vec_swizzle.hpp">
      <Filter>vendor\GLM\glm\gtx</Filter>
    </ClInclude>
    <ClInclude Include="vendor\GLM\glm\gtx\vector_angle.hpp">
      <Filter>vendor\GLM\glm\gtx</Filter>
    </ClInclude>
    <ClInclude Include="vendor\GLM\glm\gtx\vector_query.hpp">
      <Filter>vendor\GLM\glm\gtx</Filter>
    </ClInclude>
    <ClInclude Include="vendor\GLM\glm\gtx\wrap.hpp">
      <Filter>vendor\GLM\glm\gtx</Filter>
    </ClInclude>
    <ClInclude Include="vendor\GLM\glm\integer.hpp">
      <Filter>vendor\GLM\glm</Filter>
    </ClInclude>
    <ClInclude Include="vendor\GLM\glm\mat2x2.hpp">
      <Filter>vendor\GLM\glm</Filter>
    </ClInclude>
    <ClInclude Include="vendor\GLM\glm\mat2x3.hpp">
      <Filter>vendor\GLM\glm</Filter>
    </ClInclude>
    <ClInclude Include="vendor\GLM\glm\mat2x4.hpp">
      <Filter>vendor\GLM\glm</Filter>
    </ClInclude>
    <ClInclude Include="vendor\GLM\glm\mat3x2.hpp">
      <Filter>vendor\GLM\glm</Filter>
    </ClInclude>
    <ClInclude Include="vendor\GLM\glm\mat3x3.hpp">
      <Filter>vendor\GLM\glm</Filter>
    </ClInclude>
    <ClInclude Include="vendor\GLM\glm\mat3x4.hpp">
      <Filter>vendor\GLM\glm</Filter>
    </ClInclude>
    <ClInclude Include="vendor\GLM\glm\mat4x2.hpp">
      <Filter>vendor\GLM\glm</Filter>
    </ClInclude>
    <ClInclude Include="vendor\GLM\glm\mat4x3.hpp">
      <Filter>vendor\GLM\glm</Filter>
    </ClInclude>
    <ClInclude Include="vendor\GLM\glm\mat4x4.hpp">
      <Filter>vendor\GLM\glm</Filter>
    </ClInclude>
    <ClInclude Include="vendor\GLM\glm\matrix.hpp">
      <Filter>vendor\GLM\glm</Filter>
    </ClInclude>
    <ClInclude Include="vendor\GLM\glm\packing.hpp">
      <Filter>vendor\GLM\glm</Filter>
    </ClInclude>
    <ClInclude Include="vendor\GLM\glm\trigonometric.hpp">
      <Filter>vendor\GLM\glm</Filter>
    </ClInclude>
    <ClInclude Include="vendor\GLM\glm\vec2.hpp">
      <Filter>vendor\GLM\glm</Filter>
    </ClInclude>
    <ClInclude Include="vendor\GLM\glm\vec3.hpp">
      <Filter>vendor\GLM\glm</Filter>
    </ClInclude>
    <ClInclude Include="vendor\GLM\glm\vec4.hpp">
      <Filter>vendor\GLM\glm</Filter>
    </ClInclude>
    <ClInclude Include="vendor\GLM\glm\vector_relational.hpp">
      <Filter>vendor\GLM\glm</Filter>
    </ClInclude>
    <ClInclude Include="vendor\imguizmo\ImGuizmo.h">
      <Filter>vendor\imguizmo</Filter>
    </ClInclude>
  </ItemGroup>
  <ItemGroup>
    <ClCompile Include="src\Snap\Core\Application.cpp">
      <Filter>src\Snap\Core</Filter>
    </ClCompile>
    <ClCompile Include="src\Snap\Core\LayerStack.cpp">
      <Filter>src\Snap\Core</Filter>
    </ClCompile>
    <ClCompile Include="src\Snap\Core\Timer.cpp">
      <Filter>src\Snap\Core</Filter>
    </ClCompile>
    <ClCompile Include="src\Snap\Core\UUID.cpp">
      <Filter>src\Snap\Core</Filter>
    </ClCompile>
    <ClCompile Include="src\Snap\Core\log.cpp">
      <Filter>src\Snap\Core</Filter>
    </ClCompile>
    <ClCompile Include="src\Snap\ECS\Component.cpp">
      <Filter>src\Snap\ECS</Filter>
    </ClCompile>
    <ClCompile Include="src\Snap\ECS\Components.cpp">
      <Filter>src\Snap\ECS</Filter>
    </ClCompile>
    <ClCompile Include="src\Snap\ECS\ECS.cpp">
      <Filter>src\Snap\ECS</Filter>
    </ClCompile>
    <ClCompile Include="src\Snap\ECS\EntityManager.cpp">
      <Filter>src\Snap\ECS</Filter>
    </ClCompile>
    <ClCompile Include="src\Snap\ImGui\ImGuiBuild.cpp">
      <Filter>src\Snap\ImGui</Filter>
    </ClCompile>
    <ClCompile Include="src\Snap\ImGui\ImGuiLayer.cpp">
      <Filter>src\Snap\ImGui</Filter>
    </ClCompile>
    <ClCompile Include="src\Snap\Renderer\Buffer.cpp">
      <Filter>src\Snap\Renderer</Filter>
    </ClCompile>
    <ClCompile Include="src\Snap\Renderer\FrameBuffer.cpp">
      <Filter>src\Snap\Renderer</Filter>
    </ClCompile>
    <ClCompile Include="src\Snap\Renderer\OrthoGraphicCameraController.cpp">
      <Filter>src\Snap\Renderer</Filter>
    </ClCompile>
    <ClCompile Include="src\Snap\Renderer\OrthoGraphicsCamera.cpp">
      <Filter>src\Snap\Renderer</Filter>
    </ClCompile>
    <ClCompile Include="src\Snap\Renderer\Renderer.cpp">
      <Filter>src\Snap\Renderer</Filter>
    </ClCompile>
    <ClCompile Include="src\Snap\Renderer\Renderer2D.cpp">
      <Filter>src\Snap\Renderer</Filter>
    </ClCompile>
    <ClCompile Include="src\Snap\Renderer\RendererAPI.cpp">
      <Filter>src\Snap\Renderer</Filter>
    </ClCompile>
    <ClCompile Include="src\Snap\Renderer\RendererCommand.cpp">
      <Filter>src\Snap\Renderer</Filter>
    </ClCompile>
    <ClCompile Include="src\Snap\Renderer\Shader.cpp">
      <Filter>src\Snap\Renderer</Filter>
    </ClCompile>
    <ClCompile Include="src\Snap\Renderer\SubTexture2D.cpp">
      <Filter>src\Snap\Renderer</Filter>
    </ClCompile>
    <ClCompile Include="src\Snap\Renderer\Texture.cpp">
      <Filter>src\Snap\Renderer</Filter>
    </ClCompile>
    <ClCompile Include="src\Snap\Renderer\VertexArray.cpp">
      <Filter>src\Snap\Renderer</Filter>
    </ClCompile>
    <ClCompile Include="src\Snap\Scene\Comps\Components.cpp">
      <Filter>src\Snap\Scene\Comps</Filter>
    </ClCompile>
    <ClCompile Include="src\Snap\Scene\EditorCamera.cpp">
      <Filter>src\Snap\Scene</Filter>
    </ClCompile>
    <ClCompile Include="src\Snap\Scene\Entity.cpp">
      <Filter>src\Snap\Scene</Filter>
    </ClCompile>
    <ClCompile Include="src\Snap\Scene\Scene.cpp">
      <Filter>src\Snap\Scene</Filter>
    </ClCompile>
    <ClCompile Include="src\Snap\Scene\SceneCamera.cpp">
      <Filter>src\Snap\Scene</Filter>
    </ClCompile>
    <ClCompile Include="src\Snap\Scene\SceneSerializer.cpp">
      <Filter>src\Snap\Scene</Filter>
    </ClCompile>
    <ClCompile Include="src\Snap\Scene\Scripts\CppScript.cpp">
      <Filter>src\Snap\Scene\Scripts</Filter>
    </ClCompile>
    <ClCompile Include="src\Snap\Scripting\ScriptingEngine.cpp">
      <Filter>src\Snap\Scripting</Filter>
    </ClCompile>
    <ClCompile Include="src\SnapPCH.cpp">
      <Filter>src</Filter>
    </ClCompile>
    <ClCompile Include="src\platform\OpenGL\OpenGLBuffer.cpp">
      <Filter>src\platform\OpenGL</Filter>
    </ClCompile>
    <ClCompile Include="src\platform\OpenGL\OpenGLContext.cpp">
      <Filter>src\platform\OpenGL</Filter>
    </ClCompile>
    <ClCompile Include="src\platform\OpenGL\OpenGLFrameBuffer.cpp">
      <Filter>src\platform\OpenGL</Filter>
    </ClCompile>
    <ClCompile Include="src\platform\OpenGL\OpenGLRendererAPI.cpp">
      <Filter>src\platform\OpenGL</Filter>
    </ClCompile>
    <ClCompile Include="src\platform\OpenGL\OpenGLShader.cpp">
      <Filter>src\platform\OpenGL</Filter>
    </ClCompile>
    <ClCompile Include="src\platform\OpenGL\OpenGLTexture.cpp">
      <Filter>src\platform\OpenGL</Filter>
    </ClCompile>
    <ClCompile Include="src\platform\OpenGL\OpenGLVertexArray.cpp">
      <Filter>src\platform\OpenGL</Filter>
    </ClCompile>
    <ClCompile Include="src\platform\Utils\PlatformUtils.cpp">
      <Filter>src\platform\Utils</Filter>
    </ClCompile>
    <ClCompile Include="src\platform\windows\WindowsInput.cpp">
      <Filter>src\platform\windows</Filter>
    </ClCompile>
    <ClCompile Include="src\platform\windows\WindowsWindow.cpp">
      <Filter>src\platform\windows</Filter>
    </ClCompile>
    <ClCompile Include="vendor\imguizmo\ImGuizmo.cpp">
      <Filter>vendor\imguizmo</Filter>
    </ClCompile>
  </ItemGroup>
</Project>